// !$*UTF8*$!
{
	archiveVersion = 1;
	classes = {
	};
	objectVersion = 46;
	objects = {

/* Begin PBXBuildFile section */
		4A76B92E17742BBE00FBDDE3 /* UIKit.framework in Frameworks */ = {isa = PBXBuildFile; fileRef = 4A76B92D17742BBE00FBDDE3 /* UIKit.framework */; };
		4A76B93017742BBE00FBDDE3 /* Foundation.framework in Frameworks */ = {isa = PBXBuildFile; fileRef = 4A76B92F17742BBE00FBDDE3 /* Foundation.framework */; };
		4A76B93217742BBE00FBDDE3 /* CoreGraphics.framework in Frameworks */ = {isa = PBXBuildFile; fileRef = 4A76B93117742BBE00FBDDE3 /* CoreGraphics.framework */; };
		4A76B93817742BBE00FBDDE3 /* InfoPlist.strings in Resources */ = {isa = PBXBuildFile; fileRef = 4A76B93617742BBE00FBDDE3 /* InfoPlist.strings */; };
		4A76B93A17742BBE00FBDDE3 /* main.m in Sources */ = {isa = PBXBuildFile; fileRef = 4A76B93917742BBE00FBDDE3 /* main.m */; };
		4A76B93E17742BBE00FBDDE3 /* AppDelegate.m in Sources */ = {isa = PBXBuildFile; fileRef = 4A76B93D17742BBE00FBDDE3 /* AppDelegate.m */; };
		4A76B94017742BBE00FBDDE3 /* Default.png in Resources */ = {isa = PBXBuildFile; fileRef = 4A76B93F17742BBE00FBDDE3 /* Default.png */; };
		4A76B94217742BBE00FBDDE3 /* Default@2x.png in Resources */ = {isa = PBXBuildFile; fileRef = 4A76B94117742BBE00FBDDE3 /* Default@2x.png */; };
		4A76B94417742BBE00FBDDE3 /* Default-568h@2x.png in Resources */ = {isa = PBXBuildFile; fileRef = 4A76B94317742BBE00FBDDE3 /* Default-568h@2x.png */; };
		4A76B94717742BBE00FBDDE3 /* MainStoryboard.storyboard in Resources */ = {isa = PBXBuildFile; fileRef = 4A76B94517742BBE00FBDDE3 /* MainStoryboard.storyboard */; };
		4A76B94A17742BBE00FBDDE3 /* ViewController.m in Sources */ = {isa = PBXBuildFile; fileRef = 4A76B94917742BBE00FBDDE3 /* ViewController.m */; };
/* End PBXBuildFile section */

/* Begin PBXFileReference section */
		4A76B92A17742BBE00FBDDE3 /* GitUseExample.app */ = {isa = PBXFileReference; explicitFileType = wrapper.application; includeInIndex = 0; path = GitUseExample.app; sourceTree = BUILT_PRODUCTS_DIR; };
		4A76B92D17742BBE00FBDDE3 /* UIKit.framework */ = {isa = PBXFileReference; lastKnownFileType = wrapper.framework; name = UIKit.framework; path = System/Library/Frameworks/UIKit.framework; sourceTree = SDKROOT; };
		4A76B92F17742BBE00FBDDE3 /* Foundation.framework */ = {isa = PBXFileReference; lastKnownFileType = wrapper.framework; name = Foundation.framework; path = System/Library/Frameworks/Foundation.framework; sourceTree = SDKROOT; };
		4A76B93117742BBE00FBDDE3 /* CoreGraphics.framework */ = {isa = PBXFileReference; lastKnownFileType = wrapper.framework; name = CoreGraphics.framework; path = System/Library/Frameworks/CoreGraphics.framework; sourceTree = SDKROOT; };
		4A76B93517742BBE00FBDDE3 /* GitUseExample-Info.plist */ = {isa = PBXFileReference; lastKnownFileType = text.plist.xml; path = "GitUseExample-Info.plist"; sourceTree = "<group>"; };
		4A76B93717742BBE00FBDDE3 /* en */ = {isa = PBXFileReference; lastKnownFileType = text.plist.strings; name = en; path = en.lproj/InfoPlist.strings; sourceTree = "<group>"; };
		4A76B93917742BBE00FBDDE3 /* main.m */ = {isa = PBXFileReference; lastKnownFileType = sourcecode.c.objc; path = main.m; sourceTree = "<group>"; };
		4A76B93B17742BBE00FBDDE3 /* GitUseExample-Prefix.pch */ = {isa = PBXFileReference; lastKnownFileType = sourcecode.c.h; path = "GitUseExample-Prefix.pch"; sourceTree = "<group>"; };
		4A76B93C17742BBE00FBDDE3 /* AppDelegate.h */ = {isa = PBXFileReference; lastKnownFileType = sourcecode.c.h; path = AppDelegate.h; sourceTree = "<group>"; };
		4A76B93D17742BBE00FBDDE3 /* AppDelegate.m */ = {isa = PBXFileReference; lastKnownFileType = sourcecode.c.objc; path = AppDelegate.m; sourceTree = "<group>"; };
		4A76B93F17742BBE00FBDDE3 /* Default.png */ = {isa = PBXFileReference; lastKnownFileType = image.png; path = Default.png; sourceTree = "<group>"; };
		4A76B94117742BBE00FBDDE3 /* Default@2x.png */ = {isa = PBXFileReference; lastKnownFileType = image.png; path = "Default@2x.png"; sourceTree = "<group>"; };
		4A76B94317742BBE00FBDDE3 /* Default-568h@2x.png */ = {isa = PBXFileReference; lastKnownFileType = image.png; path = "Default-568h@2x.png"; sourceTree = "<group>"; };
		4A76B94617742BBE00FBDDE3 /* en */ = {isa = PBXFileReference; lastKnownFileType = file.storyboard; name = en; path = en.lproj/MainStoryboard.storyboard; sourceTree = "<group>"; };
		4A76B94817742BBE00FBDDE3 /* ViewController.h */ = {isa = PBXFileReference; lastKnownFileType = sourcecode.c.h; path = ViewController.h; sourceTree = "<group>"; };
		4A76B94917742BBE00FBDDE3 /* ViewController.m */ = {isa = PBXFileReference; lastKnownFileType = sourcecode.c.objc; path = ViewController.m; sourceTree = "<group>"; };
/* End PBXFileReference section */

/* Begin PBXFrameworksBuildPhase section */
		4A76B92717742BBE00FBDDE3 /* Frameworks */ = {
			isa = PBXFrameworksBuildPhase;
			buildActionMask = 2147483647;
			files = (
				4A76B92E17742BBE00FBDDE3 /* UIKit.framework in Frameworks */,
				4A76B93017742BBE00FBDDE3 /* Foundation.framework in Frameworks */,
				4A76B93217742BBE00FBDDE3 /* CoreGraphics.framework in Frameworks */,
			);
			runOnlyForDeploymentPostprocessing = 0;
		};
/* End PBXFrameworksBuildPhase section */

/* Begin PBXGroup section */
		4A76B92117742BBE00FBDDE3 = {
			isa = PBXGroup;
			children = (
				4A76B93317742BBE00FBDDE3 /* GitUseExample */,
				4A76B92C17742BBE00FBDDE3 /* Frameworks */,
				4A76B92B17742BBE00FBDDE3 /* Products */,
			);
			sourceTree = "<group>";
		};
		4A76B92B17742BBE00FBDDE3 /* Products */ = {
			isa = PBXGroup;
			children = (
				4A76B92A17742BBE00FBDDE3 /* GitUseExample.app */,
			);
			name = Products;
			sourceTree = "<group>";
		};
		4A76B92C17742BBE00FBDDE3 /* Frameworks */ = {
			isa = PBXGroup;
			children = (
				4A76B92D17742BBE00FBDDE3 /* UIKit.framework */,
				4A76B92F17742BBE00FBDDE3 /* Foundation.framework */,
				4A76B93117742BBE00FBDDE3 /* CoreGraphics.framework */,
			);
			name = Frameworks;
			sourceTree = "<group>";
		};
		4A76B93317742BBE00FBDDE3 /* GitUseExample */ = {
			isa = PBXGroup;
			children = (
				4A76B93C17742BBE00FBDDE3 /* AppDelegate.h */,
				4A76B93D17742BBE00FBDDE3 /* AppDelegate.m */,
				4A76B94517742BBE00FBDDE3 /* MainStoryboard.storyboard */,
				4A76B94817742BBE00FBDDE3 /* ViewController.h */,
				4A76B94917742BBE00FBDDE3 /* ViewController.m */,
				4A76B93417742BBE00FBDDE3 /* Supporting Files */,
			);
			path = GitUseExample;
			sourceTree = "<group>";
		};
		4A76B93417742BBE00FBDDE3 /* Supporting Files */ = {
			isa = PBXGroup;
			children = (
				4A76B93517742BBE00FBDDE3 /* GitUseExample-Info.plist */,
				4A76B93617742BBE00FBDDE3 /* InfoPlist.strings */,
				4A76B93917742BBE00FBDDE3 /* main.m */,
				4A76B93B17742BBE00FBDDE3 /* GitUseExample-Prefix.pch */,
				4A76B93F17742BBE00FBDDE3 /* Default.png */,
				4A76B94117742BBE00FBDDE3 /* Default@2x.png */,
				4A76B94317742BBE00FBDDE3 /* Default-568h@2x.png */,
			);
			name = "Supporting Files";
			sourceTree = "<group>";
		};
/* End PBXGroup section */

/* Begin PBXNativeTarget section */
		4A76B92917742BBE00FBDDE3 /* GitUseExample */ = {
			isa = PBXNativeTarget;
			buildConfigurationList = 4A76B94D17742BBE00FBDDE3 /* Build configuration list for PBXNativeTarget "GitUseExample" */;
			buildPhases = (
				4A76B92617742BBE00FBDDE3 /* Sources */,
				4A76B92717742BBE00FBDDE3 /* Frameworks */,
				4A76B92817742BBE00FBDDE3 /* Resources */,
			);
			buildRules = (
			);
			dependencies = (
			);
			name = GitUseExample;
			productName = GitUseExample;
			productReference = 4A76B92A17742BBE00FBDDE3 /* GitUseExample.app */;
			productType = "com.apple.product-type.application";
		};
/* End PBXNativeTarget section */

/* Begin PBXProject section */
		4A76B92217742BBE00FBDDE3 /* Project object */ = {
			isa = PBXProject;
			attributes = {
				LastUpgradeCheck = 0460;
				ORGANIZATIONNAME = "Dan Liu";
			};
			buildConfigurationList = 4A76B92517742BBE00FBDDE3 /* Build configuration list for PBXProject "GitUseExample" */;
			compatibilityVersion = "Xcode 3.2";
			developmentRegion = English;
			hasScannedForEncodings = 0;
			knownRegions = (
				en,
			);
			mainGroup = 4A76B92117742BBE00FBDDE3;
			productRefGroup = 4A76B92B17742BBE00FBDDE3 /* Products */;
			projectDirPath = "";
			projectRoot = "";
			targets = (
				4A76B92917742BBE00FBDDE3 /* GitUseExample */,
			);
		};
/* End PBXProject section */

/* Begin PBXResourcesBuildPhase section */
		4A76B92817742BBE00FBDDE3 /* Resources */ = {
			isa = PBXResourcesBuildPhase;
			buildActionMask = 2147483647;
			files = (
				4A76B93817742BBE00FBDDE3 /* InfoPlist.strings in Resources */,
				4A76B94017742BBE00FBDDE3 /* Default.png in Resources */,
				4A76B94217742BBE00FBDDE3 /* Default@2x.png in Resources */,
				4A76B94417742BBE00FBDDE3 /* Default-568h@2x.png in Resources */,
				4A76B94717742BBE00FBDDE3 /* MainStoryboard.storyboard in Resources */,
			);
			runOnlyForDeploymentPostprocessing = 0;
		};
/* End PBXResourcesBuildPhase section */

/* Begin PBXSourcesBuildPhase section */
		4A76B92617742BBE00FBDDE3 /* Sources */ = {
			isa = PBXSourcesBuildPhase;
			buildActionMask = 2147483647;
			files = (
				4A76B93A17742BBE00FBDDE3 /* main.m in Sources */,
				4A76B93E17742BBE00FBDDE3 /* AppDelegate.m in Sources */,
				4A76B94A17742BBE00FBDDE3 /* ViewController.m in Sources */,
			);
			runOnlyForDeploymentPostprocessing = 0;
		};
/* End PBXSourcesBuildPhase section */

/* Begin PBXVariantGroup section */
		4A76B93617742BBE00FBDDE3 /* InfoPlist.strings */ = {
			isa = PBXVariantGroup;
			children = (
				4A76B93717742BBE00FBDDE3 /* en */,
			);
			name = InfoPlist.strings;
			sourceTree = "<group>";
		};
		4A76B94517742BBE00FBDDE3 /* MainStoryboard.storyboard */ = {
			isa = PBXVariantGroup;
			children = (
				4A76B94617742BBE00FBDDE3 /* en */,
			);
			name = MainStoryboard.storyboard;
			sourceTree = "<group>";
		};
/* End PBXVariantGroup section */

/* Begin XCBuildConfiguration section */
		4A76B94B17742BBE00FBDDE3 /* Debug */ = {
			isa = XCBuildConfiguration;
			buildSettings = {
				ALWAYS_SEARCH_USER_PATHS = NO;
				CLANG_CXX_LANGUAGE_STANDARD = "gnu++0x";
				CLANG_CXX_LIBRARY = "libc++";
				CLANG_ENABLE_OBJC_ARC = YES;
				CLANG_WARN_CONSTANT_CONVERSION = YES;
				CLANG_WARN_EMPTY_BODY = YES;
				CLANG_WARN_ENUM_CONVERSION = YES;
				CLANG_WARN_INT_CONVERSION = YES;
				CLANG_WARN__DUPLICATE_METHOD_MATCH = YES;
				"CODE_SIGN_IDENTITY[sdk=iphoneos*]" = "iPhone Developer";
				COPY_PHASE_STRIP = NO;
				GCC_C_LANGUAGE_STANDARD = gnu99;
				GCC_DYNAMIC_NO_PIC = NO;
				GCC_OPTIMIZATION_LEVEL = 0;
				GCC_PREPROCESSOR_DEFINITIONS = (
					"DEBUG=1",
					"$(inherited)",
				);
				GCC_SYMBOLS_PRIVATE_EXTERN = NO;
				GCC_WARN_ABOUT_RETURN_TYPE = YES;
				GCC_WARN_UNINITIALIZED_AUTOS = YES;
				GCC_WARN_UNUSED_VARIABLE = YES;
				IPHONEOS_DEPLOYMENT_TARGET = 6.1;
				ONLY_ACTIVE_ARCH = YES;
				SDKROOT = iphoneos;
			};
			name = Debug;
		};
		4A76B94C17742BBE00FBDDE3 /* Release */ = {
			isa = XCBuildConfiguration;
			buildSettings = {
				ALWAYS_SEARCH_USER_PATHS = NO;
				CLANG_CXX_LANGUAGE_STANDARD = "gnu++0x";
				CLANG_CXX_LIBRARY = "libc++";
				CLANG_ENABLE_OBJC_ARC = YES;
				CLANG_WARN_CONSTANT_CONVERSION = YES;
				CLANG_WARN_EMPTY_BODY = YES;
				CLANG_WARN_ENUM_CONVERSION = YES;
				CLANG_WARN_INT_CONVERSION = YES;
				CLANG_WARN__DUPLICATE_METHOD_MATCH = YES;
				"CODE_SIGN_IDENTITY[sdk=iphoneos*]" = "iPhone Developer";
				COPY_PHASE_STRIP = YES;
				GCC_C_LANGUAGE_STANDARD = gnu99;
				GCC_WARN_ABOUT_RETURN_TYPE = YES;
				GCC_WARN_UNINITIALIZED_AUTOS = YES;
				GCC_WARN_UNUSED_VARIABLE = YES;
				IPHONEOS_DEPLOYMENT_TARGET = 6.1;
				OTHER_CFLAGS = "-DNS_BLOCK_ASSERTIONS=1";
				SDKROOT = iphoneos;
				VALIDATE_PRODUCT = YES;
			};
			name = Release;
		};
		4A76B94E17742BBE00FBDDE3 /* Debug */ = {
			isa = XCBuildConfiguration;
			buildSettings = {
				GCC_PRECOMPILE_PREFIX_HEADER = YES;
				GCC_PREFIX_HEADER = "GitUseExample/GitUseExample-Prefix.pch";
				INFOPLIST_FILE = "GitUseExample/GitUseExample-Info.plist";
				PRODUCT_NAME = "$(TARGET_NAME)";
				WRAPPER_EXTENSION = app;
			};
			name = Debug;
		};
		4A76B94F17742BBE00FBDDE3 /* Release */ = {
			isa = XCBuildConfiguration;
			buildSettings = {
				GCC_PRECOMPILE_PREFIX_HEADER = YES;
				GCC_PREFIX_HEADER = "GitUseExample/GitUseExample-Prefix.pch";
				INFOPLIST_FILE = "GitUseExample/GitUseExample-Info.plist";
				PRODUCT_NAME = "$(TARGET_NAME)";
				WRAPPER_EXTENSION = app;
			};
			name = Release;
		};
/* End XCBuildConfiguration section */

/* Begin XCConfigurationList section */
		4A76B92517742BBE00FBDDE3 /* Build configuration list for PBXProject "GitUseExample" */ = {
			isa = XCConfigurationList;
			buildConfigurations = (
				4A76B94B17742BBE00FBDDE3 /* Debug */,
				4A76B94C17742BBE00FBDDE3 /* Release */,
			);
			defaultConfigurationIsVisible = 0;
			defaultConfigurationName = Release;
		};
		4A76B94D17742BBE00FBDDE3 /* Build configuration list for PBXNativeTarget "GitUseExample" */ = {
			isa = XCConfigurationList;
			buildConfigurations = (
				4A76B94E17742BBE00FBDDE3 /* Debug */,
				4A76B94F17742BBE00FBDDE3 /* Release */,
			);
			defaultConfigurationIsVisible = 0;
		};
/* End XCConfigurationList section */
	};
	rootObject = 4A76B92217742BBE00FBDDE3 /* Project object */;
}
